
Microsoft Visual Studio Solution File, Format Version 12.00
# Visual Studio Version 16
VisualStudioVersion = 16.0.32228.343
MinimumVisualStudioVersion = 10.0.40219.1
Project("{E24C65DC-7377-472B-9ABA-BC803B73C61A}") = "Site2(1)", ".", "{B4C14845-E732-425E-82D3-5A675EEF0932}"
	ProjectSection(WebsiteProperties) = preProject
		TargetFrameworkMoniker = ".NETFramework,Version%3Dv4.0"
		Debug.AspNetCompiler.VirtualPath = "/localhost_58680"
		Debug.AspNetCompiler.PhysicalPath = "..\Site2\"
		Debug.AspNetCompiler.TargetPath = "PrecompiledWeb\localhost_58680\"
		Debug.AspNetCompiler.Updateable = "true"
		Debug.AspNetCompiler.ForceOverwrite = "true"
		Debug.AspNetCompiler.FixedNames = "false"
		Debug.AspNetCompiler.Debug = "True"
		Release.AspNetCompiler.VirtualPath = "/localhost_58680"
		Release.AspNetCompiler.PhysicalPath = "..\Site2\"
		Release.AspNetCompiler.TargetPath = "PrecompiledWeb\localhost_58680\"
		Release.AspNetCompiler.Updateable = "true"
		Release.AspNetCompiler.ForceOverwrite = "true"
		Release.AspNetCompiler.FixedNames = "false"
		Release.AspNetCompiler.Debug = "False"
		VWDPort = "58680"
		SlnRelativePath = "..\Site2\"
	EndProjectSection
EndProject
Global
	GlobalSection(SolutionConfigurationPlatforms) = preSolution
		Debug|Any CPU = Debug|Any CPU
	EndGlobalSection
	GlobalSection(ProjectConfigurationPlatforms) = postSolution
		{B4C14845-E732-425E-82D3-5A675EEF0932}.Debug|Any CPU.ActiveCfg = Debug|Any CPU
		{B4C14845-E732-425E-82D3-5A675EEF0932}.Debug|Any CPU.Build.0 = Debug|Any CPU
	EndGlobalSection
	GlobalSection(SolutionProperties) = preSolution
		HideSolutionNode = FALSE
	EndGlobalSection
	GlobalSection(ExtensibilityGlobals) = postSolution
		SolutionGuid = {EE454226-F033-42E2-9A6A-8CD32F30F2E2}
	EndGlobalSection
EndGlobal
